// !$*UTF8*$!
{
	archiveVersion = 1;
	classes = {
	};
	objectVersion = 56;
	objects = {

/* Begin PBXBuildFile section */
		8123CD292A34F99E00F9DF1C /* StoryInformation.swift in Sources */ = {isa = PBXBuildFile; fileRef = 8123CD282A34F99E00F9DF1C /* StoryInformation.swift */; };
		8123CD2B2A34F9C100F9DF1C /* SharedFunctions.swift in Sources */ = {isa = PBXBuildFile; fileRef = 8123CD2A2A34F9C100F9DF1C /* SharedFunctions.swift */; };
		8123CD2D2A34FE4800F9DF1C /* DirectedGraphBuilder.swift in Sources */ = {isa = PBXBuildFile; fileRef = 8123CD2C2A34FE4800F9DF1C /* DirectedGraphBuilder.swift */; };
		812F51052C0C9FAD00C1A270 /* Supabase.swift in Sources */ = {isa = PBXBuildFile; fileRef = 812F51042C0C9FAD00C1A270 /* Supabase.swift */; };
		812F51082C0C9FCB00C1A270 /* Auth in Frameworks */ = {isa = PBXBuildFile; productRef = 812F51072C0C9FCB00C1A270 /* Auth */; };
		812F510A2C0C9FCB00C1A270 /* Functions in Frameworks */ = {isa = PBXBuildFile; productRef = 812F51092C0C9FCB00C1A270 /* Functions */; };
		812F510C2C0C9FCB00C1A270 /* PostgREST in Frameworks */ = {isa = PBXBuildFile; productRef = 812F510B2C0C9FCB00C1A270 /* PostgREST */; };
		812F510E2C0C9FCB00C1A270 /* Realtime in Frameworks */ = {isa = PBXBuildFile; productRef = 812F510D2C0C9FCB00C1A270 /* Realtime */; };
		812F51102C0C9FCB00C1A270 /* Storage in Frameworks */ = {isa = PBXBuildFile; productRef = 812F510F2C0C9FCB00C1A270 /* Storage */; };
		812F51122C0C9FCB00C1A270 /* Supabase in Frameworks */ = {isa = PBXBuildFile; productRef = 812F51112C0C9FCB00C1A270 /* Supabase */; };
		812F512A2C0CD83300C1A270 /* AppEntryView.swift in Sources */ = {isa = PBXBuildFile; fileRef = 812F51292C0CD83300C1A270 /* AppEntryView.swift */; };
		812F512C2C0CD85500C1A270 /* AuthView.swift in Sources */ = {isa = PBXBuildFile; fileRef = 812F512B2C0CD85500C1A270 /* AuthView.swift */; };
		812F512F2C0CDC3300C1A270 /* BookStore.swift in Sources */ = {isa = PBXBuildFile; fileRef = 812F512E2C0CDC3300C1A270 /* BookStore.swift */; };
		812F51372C0CF13D00C1A270 /* CoverView.swift in Sources */ = {isa = PBXBuildFile; fileRef = 812F51362C0CF13D00C1A270 /* CoverView.swift */; };
		812F51392C0D01A300C1A270 /* StatsView.swift in Sources */ = {isa = PBXBuildFile; fileRef = 812F51382C0D01A300C1A270 /* StatsView.swift */; };
		812F513B2C0D06C900C1A270 /* SettingsView.swift in Sources */ = {isa = PBXBuildFile; fileRef = 812F513A2C0D06C900C1A270 /* SettingsView.swift */; };
		812F513D2C0D0FB500C1A270 /* Reader.swift in Sources */ = {isa = PBXBuildFile; fileRef = 812F513C2C0D0FB500C1A270 /* Reader.swift */; };
		812F513F2C0DC6F800C1A270 /* PageViewModel.swift in Sources */ = {isa = PBXBuildFile; fileRef = 812F513E2C0DC6F800C1A270 /* PageViewModel.swift */; };
		812F51412C0DC94200C1A270 /* EdgesViewModel.swift in Sources */ = {isa = PBXBuildFile; fileRef = 812F51402C0DC94200C1A270 /* EdgesViewModel.swift */; };
		812F51442C0DE64A00C1A270 /* VocabularyQuizView.swift in Sources */ = {isa = PBXBuildFile; fileRef = 812F51432C0DE64A00C1A270 /* VocabularyQuizView.swift */; };
		812F51462C0DE6FE00C1A270 /* Enumerations.swift in Sources */ = {isa = PBXBuildFile; fileRef = 812F51452C0DE6FE00C1A270 /* Enumerations.swift */; };
		812F51482C0DF3C700C1A270 /* Auth in Frameworks */ = {isa = PBXBuildFile; productRef = 812F51472C0DF3C700C1A270 /* Auth */; };
		812F514A2C0DF3C700C1A270 /* Functions in Frameworks */ = {isa = PBXBuildFile; productRef = 812F51492C0DF3C700C1A270 /* Functions */; };
		812F514C2C0DF3C700C1A270 /* PostgREST in Frameworks */ = {isa = PBXBuildFile; productRef = 812F514B2C0DF3C700C1A270 /* PostgREST */; };
		812F514E2C0DF3C700C1A270 /* Realtime in Frameworks */ = {isa = PBXBuildFile; productRef = 812F514D2C0DF3C700C1A270 /* Realtime */; };
		812F51502C0DF3C700C1A270 /* Storage in Frameworks */ = {isa = PBXBuildFile; productRef = 812F514F2C0DF3C700C1A270 /* Storage */; };
		812F51522C0DF3C700C1A270 /* Supabase in Frameworks */ = {isa = PBXBuildFile; productRef = 812F51512C0DF3C700C1A270 /* Supabase */; };
		812F51552C0DF4DA00C1A270 /* Page.swift in Sources */ = {isa = PBXBuildFile; fileRef = 81C198BA2A251B1B0047A4B3 /* Page.swift */; };
		812F51562C0DF4DA00C1A270 /* Edge.swift in Sources */ = {isa = PBXBuildFile; fileRef = 81C198BC2A251B2B0047A4B3 /* Edge.swift */; };
		812F51572C0DF4DA00C1A270 /* Ending.swift in Sources */ = {isa = PBXBuildFile; fileRef = 81C198BE2A251B4D0047A4B3 /* Ending.swift */; };
		812F51582C0DF4DA00C1A270 /* Reader.swift in Sources */ = {isa = PBXBuildFile; fileRef = 812F513C2C0D0FB500C1A270 /* Reader.swift */; };
		81C198A92A251ABB0047A4B3 /* CYOATemplateApp.swift in Sources */ = {isa = PBXBuildFile; fileRef = 81C198A82A251ABB0047A4B3 /* CYOATemplateApp.swift */; };
		81C198AD2A251ABC0047A4B3 /* Assets.xcassets in Resources */ = {isa = PBXBuildFile; fileRef = 81C198AC2A251ABC0047A4B3 /* Assets.xcassets */; };
		81C198B02A251ABC0047A4B3 /* Preview Assets.xcassets in Resources */ = {isa = PBXBuildFile; fileRef = 81C198AF2A251ABC0047A4B3 /* Preview Assets.xcassets */; };
		81C198B92A251AE00047A4B3 /* BookView.swift in Sources */ = {isa = PBXBuildFile; fileRef = 81C198B82A251AE00047A4B3 /* BookView.swift */; };
		81C198BB2A251B1B0047A4B3 /* Page.swift in Sources */ = {isa = PBXBuildFile; fileRef = 81C198BA2A251B1B0047A4B3 /* Page.swift */; };
		81C198BD2A251B2B0047A4B3 /* Edge.swift in Sources */ = {isa = PBXBuildFile; fileRef = 81C198BC2A251B2B0047A4B3 /* Edge.swift */; };
		81C198BF2A251B4D0047A4B3 /* Ending.swift in Sources */ = {isa = PBXBuildFile; fileRef = 81C198BE2A251B4D0047A4B3 /* Ending.swift */; };
		81C784AB2A28AD0B001BC867 /* PageView.swift in Sources */ = {isa = PBXBuildFile; fileRef = 81C784AA2A28AD0B001BC867 /* PageView.swift */; };
		81C784AF2A28B4E7001BC867 /* EdgesView.swift in Sources */ = {isa = PBXBuildFile; fileRef = 81C784AE2A28B4E7001BC867 /* EdgesView.swift */; };
/* End PBXBuildFile section */

/* Begin PBXCopyFilesBuildPhase section */
		8123CD142A34CF7B00F9DF1C /* CopyFiles */ = {
			isa = PBXCopyFilesBuildPhase;
			buildActionMask = 12;
			dstPath = /tmp;
			dstSubfolderSpec = 0;
			files = (
			);
			runOnlyForDeploymentPostprocessing = 0;
		};
/* End PBXCopyFilesBuildPhase section */

/* Begin PBXFileReference section */
		8123CD162A34CF7B00F9DF1C /* GraphGenerator */ = {isa = PBXFileReference; explicitFileType = "compiled.mach-o.executable"; includeInIndex = 0; path = GraphGenerator; sourceTree = BUILT_PRODUCTS_DIR; };
		8123CD282A34F99E00F9DF1C /* StoryInformation.swift */ = {isa = PBXFileReference; lastKnownFileType = sourcecode.swift; path = StoryInformation.swift; sourceTree = "<group>"; };
		8123CD2A2A34F9C100F9DF1C /* SharedFunctions.swift */ = {isa = PBXFileReference; lastKnownFileType = sourcecode.swift; path = SharedFunctions.swift; sourceTree = "<group>"; };
		8123CD2C2A34FE4800F9DF1C /* DirectedGraphBuilder.swift */ = {isa = PBXFileReference; lastKnownFileType = sourcecode.swift; path = DirectedGraphBuilder.swift; sourceTree = "<group>"; };
		812F51042C0C9FAD00C1A270 /* Supabase.swift */ = {isa = PBXFileReference; lastKnownFileType = sourcecode.swift; path = Supabase.swift; sourceTree = "<group>"; };
		812F51292C0CD83300C1A270 /* AppEntryView.swift */ = {isa = PBXFileReference; lastKnownFileType = sourcecode.swift; path = AppEntryView.swift; sourceTree = "<group>"; };
		812F512B2C0CD85500C1A270 /* AuthView.swift */ = {isa = PBXFileReference; lastKnownFileType = sourcecode.swift; path = AuthView.swift; sourceTree = "<group>"; };
		812F512E2C0CDC3300C1A270 /* BookStore.swift */ = {isa = PBXFileReference; lastKnownFileType = sourcecode.swift; path = BookStore.swift; sourceTree = "<group>"; };
		812F51362C0CF13D00C1A270 /* CoverView.swift */ = {isa = PBXFileReference; lastKnownFileType = sourcecode.swift; path = CoverView.swift; sourceTree = "<group>"; };
		812F51382C0D01A300C1A270 /* StatsView.swift */ = {isa = PBXFileReference; lastKnownFileType = sourcecode.swift; path = StatsView.swift; sourceTree = "<group>"; };
		812F513A2C0D06C900C1A270 /* SettingsView.swift */ = {isa = PBXFileReference; lastKnownFileType = sourcecode.swift; path = SettingsView.swift; sourceTree = "<group>"; };
		812F513C2C0D0FB500C1A270 /* Reader.swift */ = {isa = PBXFileReference; lastKnownFileType = sourcecode.swift; path = Reader.swift; sourceTree = "<group>"; };
		812F513E2C0DC6F800C1A270 /* PageViewModel.swift */ = {isa = PBXFileReference; lastKnownFileType = sourcecode.swift; path = PageViewModel.swift; sourceTree = "<group>"; };
		812F51402C0DC94200C1A270 /* EdgesViewModel.swift */ = {isa = PBXFileReference; lastKnownFileType = sourcecode.swift; path = EdgesViewModel.swift; sourceTree = "<group>"; };
		812F51432C0DE64A00C1A270 /* VocabularyQuizView.swift */ = {isa = PBXFileReference; lastKnownFileType = sourcecode.swift; path = VocabularyQuizView.swift; sourceTree = "<group>"; };
		812F51452C0DE6FE00C1A270 /* Enumerations.swift */ = {isa = PBXFileReference; lastKnownFileType = sourcecode.swift; path = Enumerations.swift; sourceTree = "<group>"; };
		81C198A52A251ABB0047A4B3 /* CYOATemplate.app */ = {isa = PBXFileReference; explicitFileType = wrapper.application; includeInIndex = 0; path = CYOATemplate.app; sourceTree = BUILT_PRODUCTS_DIR; };
		81C198A82A251ABB0047A4B3 /* CYOATemplateApp.swift */ = {isa = PBXFileReference; lastKnownFileType = sourcecode.swift; path = CYOATemplateApp.swift; sourceTree = "<group>"; };
		81C198AC2A251ABC0047A4B3 /* Assets.xcassets */ = {isa = PBXFileReference; lastKnownFileType = folder.assetcatalog; path = Assets.xcassets; sourceTree = "<group>"; };
		81C198AF2A251ABC0047A4B3 /* Preview Assets.xcassets */ = {isa = PBXFileReference; lastKnownFileType = folder.assetcatalog; path = "Preview Assets.xcassets"; sourceTree = "<group>"; };
		81C198B82A251AE00047A4B3 /* BookView.swift */ = {isa = PBXFileReference; lastKnownFileType = sourcecode.swift; path = BookView.swift; sourceTree = "<group>"; };
		81C198BA2A251B1B0047A4B3 /* Page.swift */ = {isa = PBXFileReference; lastKnownFileType = sourcecode.swift; path = Page.swift; sourceTree = "<group>"; };
		81C198BC2A251B2B0047A4B3 /* Edge.swift */ = {isa = PBXFileReference; lastKnownFileType = sourcecode.swift; path = Edge.swift; sourceTree = "<group>"; };
		81C198BE2A251B4D0047A4B3 /* Ending.swift */ = {isa = PBXFileReference; lastKnownFileType = sourcecode.swift; path = Ending.swift; sourceTree = "<group>"; };
		81C784AA2A28AD0B001BC867 /* PageView.swift */ = {isa = PBXFileReference; lastKnownFileType = sourcecode.swift; path = PageView.swift; sourceTree = "<group>"; };
		81C784AE2A28B4E7001BC867 /* EdgesView.swift */ = {isa = PBXFileReference; lastKnownFileType = sourcecode.swift; path = EdgesView.swift; sourceTree = "<group>"; };
/* End PBXFileReference section */

/* Begin PBXFrameworksBuildPhase section */
		8123CD132A34CF7B00F9DF1C /* Frameworks */ = {
			isa = PBXFrameworksBuildPhase;
			buildActionMask = 2147483647;
			files = (
				812F514C2C0DF3C700C1A270 /* PostgREST in Frameworks */,
				812F514A2C0DF3C700C1A270 /* Functions in Frameworks */,
				812F51522C0DF3C700C1A270 /* Supabase in Frameworks */,
				812F51482C0DF3C700C1A270 /* Auth in Frameworks */,
				812F51502C0DF3C700C1A270 /* Storage in Frameworks */,
				812F514E2C0DF3C700C1A270 /* Realtime in Frameworks */,
			);
			runOnlyForDeploymentPostprocessing = 0;
		};
		81C198A22A251ABB0047A4B3 /* Frameworks */ = {
			isa = PBXFrameworksBuildPhase;
			buildActionMask = 2147483647;
			files = (
				812F51122C0C9FCB00C1A270 /* Supabase in Frameworks */,
				812F51102C0C9FCB00C1A270 /* Storage in Frameworks */,
				812F510C2C0C9FCB00C1A270 /* PostgREST in Frameworks */,
				812F510A2C0C9FCB00C1A270 /* Functions in Frameworks */,
				812F51082C0C9FCB00C1A270 /* Auth in Frameworks */,
				812F510E2C0C9FCB00C1A270 /* Realtime in Frameworks */,
			);
			runOnlyForDeploymentPostprocessing = 0;
		};
/* End PBXFrameworksBuildPhase section */

/* Begin PBXGroup section */
		8123CD172A34CF7B00F9DF1C /* GraphGenerator */ = {
			isa = PBXGroup;
			children = (
				8123CD272A34F98F00F9DF1C /* Model */,
				8123CD242A34D0D000F9DF1C /* Helpers */,
			);
			path = GraphGenerator;
			sourceTree = "<group>";
		};
		8123CD1F2A34CFC700F9DF1C /* Frameworks */ = {
			isa = PBXGroup;
			children = (
			);
			name = Frameworks;
			sourceTree = "<group>";
		};
		8123CD242A34D0D000F9DF1C /* Helpers */ = {
			isa = PBXGroup;
			children = (
				8123CD2A2A34F9C100F9DF1C /* SharedFunctions.swift */,
			);
			path = Helpers;
			sourceTree = "<group>";
		};
		8123CD272A34F98F00F9DF1C /* Model */ = {
			isa = PBXGroup;
			children = (
				8123CD282A34F99E00F9DF1C /* StoryInformation.swift */,
				8123CD2C2A34FE4800F9DF1C /* DirectedGraphBuilder.swift */,
			);
			path = Model;
			sourceTree = "<group>";
		};
		812F512D2C0CDA1100C1A270 /* ViewModels */ = {
			isa = PBXGroup;
			children = (
				812F512E2C0CDC3300C1A270 /* BookStore.swift */,
				812F513E2C0DC6F800C1A270 /* PageViewModel.swift */,
				812F51402C0DC94200C1A270 /* EdgesViewModel.swift */,
			);
			path = ViewModels;
			sourceTree = "<group>";
		};
		812F51422C0DE5DF00C1A270 /* Challenges */ = {
			isa = PBXGroup;
			children = (
				812F51432C0DE64A00C1A270 /* VocabularyQuizView.swift */,
			);
			path = Challenges;
			sourceTree = "<group>";
		};
		812F51542C0DF46500C1A270 /* Shared */ = {
			isa = PBXGroup;
			children = (
				81C198B62A251ACD0047A4B3 /* Model */,
			);
			path = Shared;
			sourceTree = SOURCE_ROOT;
		};
		81C1989C2A251ABB0047A4B3 = {
			isa = PBXGroup;
			children = (
				812F51542C0DF46500C1A270 /* Shared */,
				81C198A72A251ABB0047A4B3 /* CYOATemplate */,
				8123CD172A34CF7B00F9DF1C /* GraphGenerator */,
				81C198A62A251ABB0047A4B3 /* Products */,
				8123CD1F2A34CFC700F9DF1C /* Frameworks */,
			);
			sourceTree = "<group>";
		};
		81C198A62A251ABB0047A4B3 /* Products */ = {
			isa = PBXGroup;
			children = (
				81C198A52A251ABB0047A4B3 /* CYOATemplate.app */,
				8123CD162A34CF7B00F9DF1C /* GraphGenerator */,
			);
			name = Products;
			sourceTree = "<group>";
		};
		81C198A72A251ABB0047A4B3 /* CYOATemplate */ = {
			isa = PBXGroup;
			children = (
				81C198A82A251ABB0047A4B3 /* CYOATemplateApp.swift */,
				81C784A72A28AB26001BC867 /* Helpers */,
				81C198B72A251AD10047A4B3 /* Views */,
				812F512D2C0CDA1100C1A270 /* ViewModels */,
				81C198AC2A251ABC0047A4B3 /* Assets.xcassets */,
				81C198AE2A251ABC0047A4B3 /* Preview Content */,
			);
			path = CYOATemplate;
			sourceTree = "<group>";
		};
		81C198AE2A251ABC0047A4B3 /* Preview Content */ = {
			isa = PBXGroup;
			children = (
				81C198AF2A251ABC0047A4B3 /* Preview Assets.xcassets */,
			);
			path = "Preview Content";
			sourceTree = "<group>";
		};
		81C198B62A251ACD0047A4B3 /* Model */ = {
			isa = PBXGroup;
			children = (
				81C198BA2A251B1B0047A4B3 /* Page.swift */,
				81C198BC2A251B2B0047A4B3 /* Edge.swift */,
				81C198BE2A251B4D0047A4B3 /* Ending.swift */,
				812F513C2C0D0FB500C1A270 /* Reader.swift */,
			);
			path = Model;
			sourceTree = "<group>";
		};
		81C198B72A251AD10047A4B3 /* Views */ = {
			isa = PBXGroup;
			children = (
				812F51422C0DE5DF00C1A270 /* Challenges */,
				812F51292C0CD83300C1A270 /* AppEntryView.swift */,
				812F512B2C0CD85500C1A270 /* AuthView.swift */,
				81C198B82A251AE00047A4B3 /* BookView.swift */,
				812F51362C0CF13D00C1A270 /* CoverView.swift */,
				81C784AE2A28B4E7001BC867 /* EdgesView.swift */,
				81C784AA2A28AD0B001BC867 /* PageView.swift */,
				812F51382C0D01A300C1A270 /* StatsView.swift */,
				812F513A2C0D06C900C1A270 /* SettingsView.swift */,
			);
			path = Views;
			sourceTree = "<group>";
		};
		81C784A72A28AB26001BC867 /* Helpers */ = {
			isa = PBXGroup;
			children = (
				812F51042C0C9FAD00C1A270 /* Supabase.swift */,
				812F51452C0DE6FE00C1A270 /* Enumerations.swift */,
			);
			path = Helpers;
			sourceTree = "<group>";
		};
/* End PBXGroup section */

/* Begin PBXNativeTarget section */
		8123CD152A34CF7B00F9DF1C /* GraphGenerator */ = {
			isa = PBXNativeTarget;
			buildConfigurationList = 8123CD1C2A34CF7B00F9DF1C /* Build configuration list for PBXNativeTarget "GraphGenerator" */;
			buildPhases = (
				8123CD122A34CF7B00F9DF1C /* Sources */,
				8123CD132A34CF7B00F9DF1C /* Frameworks */,
				8123CD142A34CF7B00F9DF1C /* CopyFiles */,
			);
			buildRules = (
			);
			dependencies = (
			);
			name = GraphGenerator;
			packageProductDependencies = (
				812F51472C0DF3C700C1A270 /* Auth */,
				812F51492C0DF3C700C1A270 /* Functions */,
				812F514B2C0DF3C700C1A270 /* PostgREST */,
				812F514D2C0DF3C700C1A270 /* Realtime */,
				812F514F2C0DF3C700C1A270 /* Storage */,
				812F51512C0DF3C700C1A270 /* Supabase */,
			);
			productName = GraphGenerator;
			productReference = 8123CD162A34CF7B00F9DF1C /* GraphGenerator */;
			productType = "com.apple.product-type.tool";
		};
		81C198A42A251ABB0047A4B3 /* CYOATemplate */ = {
			isa = PBXNativeTarget;
			buildConfigurationList = 81C198B32A251ABC0047A4B3 /* Build configuration list for PBXNativeTarget "CYOATemplate" */;
			buildPhases = (
				81C198A12A251ABB0047A4B3 /* Sources */,
				81C198A22A251ABB0047A4B3 /* Frameworks */,
				81C198A32A251ABB0047A4B3 /* Resources */,
			);
			buildRules = (
			);
			dependencies = (
			);
			name = CYOATemplate;
			packageProductDependencies = (
				812F51072C0C9FCB00C1A270 /* Auth */,
				812F51092C0C9FCB00C1A270 /* Functions */,
				812F510B2C0C9FCB00C1A270 /* PostgREST */,
				812F510D2C0C9FCB00C1A270 /* Realtime */,
				812F510F2C0C9FCB00C1A270 /* Storage */,
				812F51112C0C9FCB00C1A270 /* Supabase */,
			);
			productName = CYOATemplate;
			productReference = 81C198A52A251ABB0047A4B3 /* CYOATemplate.app */;
			productType = "com.apple.product-type.application";
		};
/* End PBXNativeTarget section */

/* Begin PBXProject section */
		81C1989D2A251ABB0047A4B3 /* Project object */ = {
			isa = PBXProject;
			attributes = {
				BuildIndependentTargetsInParallel = 1;
				LastSwiftUpdateCheck = 1430;
				LastUpgradeCheck = 1540;
				TargetAttributes = {
					8123CD152A34CF7B00F9DF1C = {
						CreatedOnToolsVersion = 14.3.1;
					};
					81C198A42A251ABB0047A4B3 = {
						CreatedOnToolsVersion = 14.3;
					};
				};
			};
			buildConfigurationList = 81C198A02A251ABB0047A4B3 /* Build configuration list for PBXProject "CYOATemplate" */;
			compatibilityVersion = "Xcode 14.0";
			developmentRegion = en;
			hasScannedForEncodings = 0;
			knownRegions = (
				en,
				Base,
			);
			mainGroup = 81C1989C2A251ABB0047A4B3;
			packageReferences = (
				812F51062C0C9FCB00C1A270 /* XCRemoteSwiftPackageReference "supabase-swift" */,
			);
			productRefGroup = 81C198A62A251ABB0047A4B3 /* Products */;
			projectDirPath = "";
			projectRoot = "";
			targets = (
				81C198A42A251ABB0047A4B3 /* CYOATemplate */,
				8123CD152A34CF7B00F9DF1C /* GraphGenerator */,
			);
		};
/* End PBXProject section */

/* Begin PBXResourcesBuildPhase section */
		81C198A32A251ABB0047A4B3 /* Resources */ = {
			isa = PBXResourcesBuildPhase;
			buildActionMask = 2147483647;
			files = (
				81C198B02A251ABC0047A4B3 /* Preview Assets.xcassets in Resources */,
				81C198AD2A251ABC0047A4B3 /* Assets.xcassets in Resources */,
			);
			runOnlyForDeploymentPostprocessing = 0;
		};
/* End PBXResourcesBuildPhase section */

/* Begin PBXSourcesBuildPhase section */
		8123CD122A34CF7B00F9DF1C /* Sources */ = {
			isa = PBXSourcesBuildPhase;
			buildActionMask = 2147483647;
			files = (
				812F51552C0DF4DA00C1A270 /* Page.swift in Sources */,
				812F51562C0DF4DA00C1A270 /* Edge.swift in Sources */,
				812F51572C0DF4DA00C1A270 /* Ending.swift in Sources */,
				812F51582C0DF4DA00C1A270 /* Reader.swift in Sources */,
				8123CD2B2A34F9C100F9DF1C /* SharedFunctions.swift in Sources */,
				8123CD292A34F99E00F9DF1C /* StoryInformation.swift in Sources */,
				8123CD2D2A34FE4800F9DF1C /* DirectedGraphBuilder.swift in Sources */,
			);
			runOnlyForDeploymentPostprocessing = 0;
		};
		81C198A12A251ABB0047A4B3 /* Sources */ = {
			isa = PBXSourcesBuildPhase;
			buildActionMask = 2147483647;
			files = (
				81C198BB2A251B1B0047A4B3 /* Page.swift in Sources */,
				81C198B92A251AE00047A4B3 /* BookView.swift in Sources */,
				81C198BD2A251B2B0047A4B3 /* Edge.swift in Sources */,
				812F51052C0C9FAD00C1A270 /* Supabase.swift in Sources */,
				812F51462C0DE6FE00C1A270 /* Enumerations.swift in Sources */,
				812F51412C0DC94200C1A270 /* EdgesViewModel.swift in Sources */,
				81C198A92A251ABB0047A4B3 /* CYOATemplateApp.swift in Sources */,
				812F512F2C0CDC3300C1A270 /* BookStore.swift in Sources */,
				812F51372C0CF13D00C1A270 /* CoverView.swift in Sources */,
				812F513F2C0DC6F800C1A270 /* PageViewModel.swift in Sources */,
				812F513B2C0D06C900C1A270 /* SettingsView.swift in Sources */,
				81C784AF2A28B4E7001BC867 /* EdgesView.swift in Sources */,
				81C784AB2A28AD0B001BC867 /* PageView.swift in Sources */,
				812F51392C0D01A300C1A270 /* StatsView.swift in Sources */,
				81C198BF2A251B4D0047A4B3 /* Ending.swift in Sources */,
				812F513D2C0D0FB500C1A270 /* Reader.swift in Sources */,
				812F512C2C0CD85500C1A270 /* AuthView.swift in Sources */,
				812F512A2C0CD83300C1A270 /* AppEntryView.swift in Sources */,
				812F51442C0DE64A00C1A270 /* VocabularyQuizView.swift in Sources */,
			);
			runOnlyForDeploymentPostprocessing = 0;
		};
/* End PBXSourcesBuildPhase section */

/* Begin XCBuildConfiguration section */
		8123CD1A2A34CF7B00F9DF1C /* Debug */ = {
			isa = XCBuildConfiguration;
			buildSettings = {
				CODE_SIGN_STYLE = Automatic;
				DEAD_CODE_STRIPPING = YES;
				DEVELOPMENT_TEAM = 4UG443984D;
				ENABLE_HARDENED_RUNTIME = YES;
				MACOSX_DEPLOYMENT_TARGET = 13.3;
				PRODUCT_NAME = "$(TARGET_NAME)";
				SDKROOT = macosx;
				SWIFT_VERSION = 5.0;
			};
			name = Debug;
		};
		8123CD1B2A34CF7B00F9DF1C /* Release */ = {
			isa = XCBuildConfiguration;
			buildSettings = {
				CODE_SIGN_STYLE = Automatic;
				DEAD_CODE_STRIPPING = YES;
				DEVELOPMENT_TEAM = 4UG443984D;
				ENABLE_HARDENED_RUNTIME = YES;
				MACOSX_DEPLOYMENT_TARGET = 13.3;
				PRODUCT_NAME = "$(TARGET_NAME)";
				SDKROOT = macosx;
				SWIFT_VERSION = 5.0;
			};
			name = Release;
		};
		81C198B12A251ABC0047A4B3 /* Debug */ = {
			isa = XCBuildConfiguration;
			buildSettings = {
				ALWAYS_SEARCH_USER_PATHS = NO;
				ASSETCATALOG_COMPILER_GENERATE_SWIFT_ASSET_SYMBOL_EXTENSIONS = YES;
				CLANG_ANALYZER_NONNULL = YES;
				CLANG_ANALYZER_NUMBER_OBJECT_CONVERSION = YES_AGGRESSIVE;
				CLANG_CXX_LANGUAGE_STANDARD = "gnu++20";
				CLANG_ENABLE_MODULES = YES;
				CLANG_ENABLE_OBJC_ARC = YES;
				CLANG_ENABLE_OBJC_WEAK = YES;
				CLANG_WARN_BLOCK_CAPTURE_AUTORELEASING = YES;
				CLANG_WARN_BOOL_CONVERSION = YES;
				CLANG_WARN_COMMA = YES;
				CLANG_WARN_CONSTANT_CONVERSION = YES;
				CLANG_WARN_DEPRECATED_OBJC_IMPLEMENTATIONS = YES;
				CLANG_WARN_DIRECT_OBJC_ISA_USAGE = YES_ERROR;
				CLANG_WARN_DOCUMENTATION_COMMENTS = YES;
				CLANG_WARN_EMPTY_BODY = YES;
				CLANG_WARN_ENUM_CONVERSION = YES;
				CLANG_WARN_INFINITE_RECURSION = YES;
				CLANG_WARN_INT_CONVERSION = YES;
				CLANG_WARN_NON_LITERAL_NULL_CONVERSION = YES;
				CLANG_WARN_OBJC_IMPLICIT_RETAIN_SELF = YES;
				CLANG_WARN_OBJC_LITERAL_CONVERSION = YES;
				CLANG_WARN_OBJC_ROOT_CLASS = YES_ERROR;
				CLANG_WARN_QUOTED_INCLUDE_IN_FRAMEWORK_HEADER = YES;
				CLANG_WARN_RANGE_LOOP_ANALYSIS = YES;
				CLANG_WARN_STRICT_PROTOTYPES = YES;
				CLANG_WARN_SUSPICIOUS_MOVE = YES;
				CLANG_WARN_UNGUARDED_AVAILABILITY = YES_AGGRESSIVE;
				CLANG_WARN_UNREACHABLE_CODE = YES;
				CLANG_WARN__DUPLICATE_METHOD_MATCH = YES;
				COPY_PHASE_STRIP = NO;
				DEBUG_INFORMATION_FORMAT = dwarf;
				ENABLE_STRICT_OBJC_MSGSEND = YES;
				ENABLE_TESTABILITY = YES;
				ENABLE_USER_SCRIPT_SANDBOXING = YES;
				GCC_C_LANGUAGE_STANDARD = gnu11;
				GCC_DYNAMIC_NO_PIC = NO;
				GCC_NO_COMMON_BLOCKS = YES;
				GCC_OPTIMIZATION_LEVEL = 0;
				GCC_PREPROCESSOR_DEFINITIONS = (
					"DEBUG=1",
					"$(inherited)",
				);
				GCC_WARN_64_TO_32_BIT_CONVERSION = YES;
				GCC_WARN_ABOUT_RETURN_TYPE = YES_ERROR;
				GCC_WARN_UNDECLARED_SELECTOR = YES;
				GCC_WARN_UNINITIALIZED_AUTOS = YES_AGGRESSIVE;
				GCC_WARN_UNUSED_FUNCTION = YES;
				GCC_WARN_UNUSED_VARIABLE = YES;
				IPHONEOS_DEPLOYMENT_TARGET = 17.0;
				MTL_ENABLE_DEBUG_INFO = INCLUDE_SOURCE;
				MTL_FAST_MATH = YES;
				ONLY_ACTIVE_ARCH = YES;
				SDKROOT = iphoneos;
				SWIFT_ACTIVE_COMPILATION_CONDITIONS = DEBUG;
				SWIFT_OPTIMIZATION_LEVEL = "-Onone";
			};
			name = Debug;
		};
		81C198B22A251ABC0047A4B3 /* Release */ = {
			isa = XCBuildConfiguration;
			buildSettings = {
				ALWAYS_SEARCH_USER_PATHS = NO;
				ASSETCATALOG_COMPILER_GENERATE_SWIFT_ASSET_SYMBOL_EXTENSIONS = YES;
				CLANG_ANALYZER_NONNULL = YES;
				CLANG_ANALYZER_NUMBER_OBJECT_CONVERSION = YES_AGGRESSIVE;
				CLANG_CXX_LANGUAGE_STANDARD = "gnu++20";
				CLANG_ENABLE_MODULES = YES;
				CLANG_ENABLE_OBJC_ARC = YES;
				CLANG_ENABLE_OBJC_WEAK = YES;
				CLANG_WARN_BLOCK_CAPTURE_AUTORELEASING = YES;
				CLANG_WARN_BOOL_CONVERSION = YES;
				CLANG_WARN_COMMA = YES;
				CLANG_WARN_CONSTANT_CONVERSION = YES;
				CLANG_WARN_DEPRECATED_OBJC_IMPLEMENTATIONS = YES;
				CLANG_WARN_DIRECT_OBJC_ISA_USAGE = YES_ERROR;
				CLANG_WARN_DOCUMENTATION_COMMENTS = YES;
				CLANG_WARN_EMPTY_BODY = YES;
				CLANG_WARN_ENUM_CONVERSION = YES;
				CLANG_WARN_INFINITE_RECURSION = YES;
				CLANG_WARN_INT_CONVERSION = YES;
				CLANG_WARN_NON_LITERAL_NULL_CONVERSION = YES;
				CLANG_WARN_OBJC_IMPLICIT_RETAIN_SELF = YES;
				CLANG_WARN_OBJC_LITERAL_CONVERSION = YES;
				CLANG_WARN_OBJC_ROOT_CLASS = YES_ERROR;
				CLANG_WARN_QUOTED_INCLUDE_IN_FRAMEWORK_HEADER = YES;
				CLANG_WARN_RANGE_LOOP_ANALYSIS = YES;
				CLANG_WARN_STRICT_PROTOTYPES = YES;
				CLANG_WARN_SUSPICIOUS_MOVE = YES;
				CLANG_WARN_UNGUARDED_AVAILABILITY = YES_AGGRESSIVE;
				CLANG_WARN_UNREACHABLE_CODE = YES;
				CLANG_WARN__DUPLICATE_METHOD_MATCH = YES;
				COPY_PHASE_STRIP = NO;
				DEBUG_INFORMATION_FORMAT = "dwarf-with-dsym";
				ENABLE_NS_ASSERTIONS = NO;
				ENABLE_STRICT_OBJC_MSGSEND = YES;
				ENABLE_USER_SCRIPT_SANDBOXING = YES;
				GCC_C_LANGUAGE_STANDARD = gnu11;
				GCC_NO_COMMON_BLOCKS = YES;
				GCC_WARN_64_TO_32_BIT_CONVERSION = YES;
				GCC_WARN_ABOUT_RETURN_TYPE = YES_ERROR;
				GCC_WARN_UNDECLARED_SELECTOR = YES;
				GCC_WARN_UNINITIALIZED_AUTOS = YES_AGGRESSIVE;
				GCC_WARN_UNUSED_FUNCTION = YES;
				GCC_WARN_UNUSED_VARIABLE = YES;
				IPHONEOS_DEPLOYMENT_TARGET = 17.0;
				MTL_ENABLE_DEBUG_INFO = NO;
				MTL_FAST_MATH = YES;
				SDKROOT = iphoneos;
				SWIFT_COMPILATION_MODE = wholemodule;
				SWIFT_OPTIMIZATION_LEVEL = "-O";
				VALIDATE_PRODUCT = YES;
			};
			name = Release;
		};
		81C198B42A251ABC0047A4B3 /* Debug */ = {
			isa = XCBuildConfiguration;
			buildSettings = {
				ASSETCATALOG_COMPILER_APPICON_NAME = AppIcon;
				ASSETCATALOG_COMPILER_GLOBAL_ACCENT_COLOR_NAME = AccentColor;
				CODE_SIGN_STYLE = Automatic;
				CURRENT_PROJECT_VERSION = 1;
				DEVELOPMENT_ASSET_PATHS = "\"CYOATemplate/Preview Content\"";
				DEVELOPMENT_TEAM = 4UG443984D;
				ENABLE_PREVIEWS = YES;
				GENERATE_INFOPLIST_FILE = YES;
				INFOPLIST_KEY_UIApplicationSceneManifest_Generation = YES;
				INFOPLIST_KEY_UIApplicationSupportsIndirectInputEvents = YES;
				INFOPLIST_KEY_UILaunchScreen_Generation = YES;
				INFOPLIST_KEY_UISupportedInterfaceOrientations_iPad = "UIInterfaceOrientationPortrait UIInterfaceOrientationPortraitUpsideDown UIInterfaceOrientationLandscapeLeft UIInterfaceOrientationLandscapeRight";
				INFOPLIST_KEY_UISupportedInterfaceOrientations_iPhone = "UIInterfaceOrientationPortrait UIInterfaceOrientationLandscapeLeft UIInterfaceOrientationLandscapeRight";
				LD_RUNPATH_SEARCH_PATHS = (
					"$(inherited)",
					"@executable_path/Frameworks",
				);
				MARKETING_VERSION = 1.0;
				PRODUCT_BUNDLE_IDENTIFIER = ca.russellgordon.CYOATemplate;
				PRODUCT_NAME = "$(TARGET_NAME)";
				SWIFT_EMIT_LOC_STRINGS = YES;
				SWIFT_VERSION = 5.0;
				TARGETED_DEVICE_FAMILY = "1,2";
			};
			name = Debug;
		};
		81C198B52A251ABC0047A4B3 /* Release */ = {
			isa = XCBuildConfiguration;
			buildSettings = {
				ASSETCATALOG_COMPILER_APPICON_NAME = AppIcon;
				ASSETCATALOG_COMPILER_GLOBAL_ACCENT_COLOR_NAME = AccentColor;
				CODE_SIGN_STYLE = Automatic;
				CURRENT_PROJECT_VERSION = 1;
				DEVELOPMENT_ASSET_PATHS = "\"CYOATemplate/Preview Content\"";
				DEVELOPMENT_TEAM = 4UG443984D;
				ENABLE_PREVIEWS = YES;
				GENERATE_INFOPLIST_FILE = YES;
				INFOPLIST_KEY_UIApplicationSceneManifest_Generation = YES;
				INFOPLIST_KEY_UIApplicationSupportsIndirectInputEvents = YES;
				INFOPLIST_KEY_UILaunchScreen_Generation = YES;
				INFOPLIST_KEY_UISupportedInterfaceOrientations_iPad = "UIInterfaceOrientationPortrait UIInterfaceOrientationPortraitUpsideDown UIInterfaceOrientationLandscapeLeft UIInterfaceOrientationLandscapeRight";
				INFOPLIST_KEY_UISupportedInterfaceOrientations_iPhone = "UIInterfaceOrientationPortrait UIInterfaceOrientationLandscapeLeft UIInterfaceOrientationLandscapeRight";
				LD_RUNPATH_SEARCH_PATHS = (
					"$(inherited)",
					"@executable_path/Frameworks",
				);
				MARKETING_VERSION = 1.0;
				PRODUCT_BUNDLE_IDENTIFIER = ca.russellgordon.CYOATemplate;
				PRODUCT_NAME = "$(TARGET_NAME)";
				SWIFT_EMIT_LOC_STRINGS = YES;
				SWIFT_VERSION = 5.0;
				TARGETED_DEVICE_FAMILY = "1,2";
			};
			name = Release;
		};
/* End XCBuildConfiguration section */

/* Begin XCConfigurationList section */
		8123CD1C2A34CF7B00F9DF1C /* Build configuration list for PBXNativeTarget "GraphGenerator" */ = {
			isa = XCConfigurationList;
			buildConfigurations = (
				8123CD1A2A34CF7B00F9DF1C /* Debug */,
				8123CD1B2A34CF7B00F9DF1C /* Release */,
			);
			defaultConfigurationIsVisible = 0;
			defaultConfigurationName = Release;
		};
		81C198A02A251ABB0047A4B3 /* Build configuration list for PBXProject "CYOATemplate" */ = {
			isa = XCConfigurationList;
			buildConfigurations = (
				81C198B12A251ABC0047A4B3 /* Debug */,
				81C198B22A251ABC0047A4B3 /* Release */,
			);
			defaultConfigurationIsVisible = 0;
			defaultConfigurationName = Release;
		};
		81C198B32A251ABC0047A4B3 /* Build configuration list for PBXNativeTarget "CYOATemplate" */ = {
			isa = XCConfigurationList;
			buildConfigurations = (
				81C198B42A251ABC0047A4B3 /* Debug */,
				81C198B52A251ABC0047A4B3 /* Release */,
			);
			defaultConfigurationIsVisible = 0;
			defaultConfigurationName = Release;
		};
/* End XCConfigurationList section */

/* Begin XCRemoteSwiftPackageReference section */
		812F51062C0C9FCB00C1A270 /* XCRemoteSwiftPackageReference "supabase-swift" */ = {
			isa = XCRemoteSwiftPackageReference;
			repositoryURL = "https://github.com/supabase-community/supabase-swift";
			requirement = {
				kind = upToNextMajorVersion;
				minimumVersion = 2.5.1;
			};
		};
/* End XCRemoteSwiftPackageReference section */

/* Begin XCSwiftPackageProductDependency section */
		812F51072C0C9FCB00C1A270 /* Auth */ = {
			isa = XCSwiftPackageProductDependency;
			package = 812F51062C0C9FCB00C1A270 /* XCRemoteSwiftPackageReference "supabase-swift" */;
			productName = Auth;
		};
		812F51092C0C9FCB00C1A270 /* Functions */ = {
			isa = XCSwiftPackageProductDependency;
			package = 812F51062C0C9FCB00C1A270 /* XCRemoteSwiftPackageReference "supabase-swift" */;
			productName = Functions;
		};
		812F510B2C0C9FCB00C1A270 /* PostgREST */ = {
			isa = XCSwiftPackageProductDependency;
			package = 812F51062C0C9FCB00C1A270 /* XCRemoteSwiftPackageReference "supabase-swift" */;
			productName = PostgREST;
		};
		812F510D2C0C9FCB00C1A270 /* Realtime */ = {
			isa = XCSwiftPackageProductDependency;
			package = 812F51062C0C9FCB00C1A270 /* XCRemoteSwiftPackageReference "supabase-swift" */;
			productName = Realtime;
		};
		812F510F2C0C9FCB00C1A270 /* Storage */ = {
			isa = XCSwiftPackageProductDependency;
			package = 812F51062C0C9FCB00C1A270 /* XCRemoteSwiftPackageReference "supabase-swift" */;
			productName = Storage;
		};
		812F51112C0C9FCB00C1A270 /* Supabase */ = {
			isa = XCSwiftPackageProductDependency;
			package = 812F51062C0C9FCB00C1A270 /* XCRemoteSwiftPackageReference "supabase-swift" */;
			productName = Supabase;
		};
		812F51472C0DF3C700C1A270 /* Auth */ = {
			isa = XCSwiftPackageProductDependency;
			package = 812F51062C0C9FCB00C1A270 /* XCRemoteSwiftPackageReference "supabase-swift" */;
			productName = Auth;
		};
		812F51492C0DF3C700C1A270 /* Functions */ = {
			isa = XCSwiftPackageProductDependency;
			package = 812F51062C0C9FCB00C1A270 /* XCRemoteSwiftPackageReference "supabase-swift" */;
			productName = Functions;
		};
		812F514B2C0DF3C700C1A270 /* PostgREST */ = {
			isa = XCSwiftPackageProductDependency;
			package = 812F51062C0C9FCB00C1A270 /* XCRemoteSwiftPackageReference "supabase-swift" */;
			productName = PostgREST;
		};
		812F514D2C0DF3C700C1A270 /* Realtime */ = {
			isa = XCSwiftPackageProductDependency;
			package = 812F51062C0C9FCB00C1A270 /* XCRemoteSwiftPackageReference "supabase-swift" */;
			productName = Realtime;
		};
		812F514F2C0DF3C700C1A270 /* Storage */ = {
			isa = XCSwiftPackageProductDependency;
			package = 812F51062C0C9FCB00C1A270 /* XCRemoteSwiftPackageReference "supabase-swift" */;
			productName = Storage;
		};
		812F51512C0DF3C700C1A270 /* Supabase */ = {
			isa = XCSwiftPackageProductDependency;
			package = 812F51062C0C9FCB00C1A270 /* XCRemoteSwiftPackageReference "supabase-swift" */;
			productName = Supabase;
		};
/* End XCSwiftPackageProductDependency section */
	};
	rootObject = 81C1989D2A251ABB0047A4B3 /* Project object */;
}
